
Microsoft Visual Studio Solution File, Format Version 12.00
# Visual Studio 15
VisualStudioVersion = 15.0.28307.489
MinimumVisualStudioVersion = 10.0.40219.1
Project("{FAE04EC0-301F-11D3-BF4B-00C04F79EFBC}") = "Deliverable 7", "Deliverable 7\Deliverable 7.csproj", "{E62D9DF8-F3C3-4C32-A7A1-DBC68ECCB8D5}"
EndProject
Project("{FAE04EC0-301F-11D3-BF4B-00C04F79EFBC}") = "ClassLibrary1", "ClassLibrary1\ClassLibrary1.csproj", "{3E88105A-AC28-45C3-98A0-DCC088EDD0F4}"
EndProject
Global
	GlobalSection(SolutionConfigurationPlatforms) = preSolution
		Debug|Any CPU = Debug|Any CPU
		Release|Any CPU = Release|Any CPU
	EndGlobalSection
	GlobalSection(ProjectConfigurationPlatforms) = postSolution
		{E62D9DF8-F3C3-4C32-A7A1-DBC68ECCB8D5}.Debug|Any CPU.ActiveCfg = Debug|Any CPU
		{E62D9DF8-F3C3-4C32-A7A1-DBC68ECCB8D5}.Debug|Any CPU.Build.0 = Debug|Any CPU
		{E62D9DF8-F3C3-4C32-A7A1-DBC68ECCB8D5}.Release|Any CPU.ActiveCfg = Release|Any CPU
		{E62D9DF8-F3C3-4C32-A7A1-DBC68ECCB8D5}.Release|Any CPU.Build.0 = Release|Any CPU
		{3E88105A-AC28-45C3-98A0-DCC088EDD0F4}.Debug|Any CPU.ActiveCfg = Debug|Any CPU
		{3E88105A-AC28-45C3-98A0-DCC088EDD0F4}.Debug|Any CPU.Build.0 = Debug|Any CPU
		{3E88105A-AC28-45C3-98A0-DCC088EDD0F4}.Release|Any CPU.ActiveCfg = Release|Any CPU
		{3E88105A-AC28-45C3-98A0-DCC088EDD0F4}.Release|Any CPU.Build.0 = Release|Any CPU
	EndGlobalSection
	GlobalSection(SolutionProperties) = preSolution
		HideSolutionNode = FALSE
	EndGlobalSection
	GlobalSection(ExtensibilityGlobals) = postSolution
		SolutionGuid = {160E783B-817C-4503-B49D-66BB8B9DEDC1}
	EndGlobalSection
EndGlobal
